
Microsoft Visual Studio Solution File, Format Version 12.00
# Visual Studio Version 16
VisualStudioVersion = 25.0.1700.0
MinimumVisualStudioVersion = 10.0.40219.1
Project("{FAE04EC0-301F-11D3-BF4B-00C04F79EFBC}") = "BuisnessRuleEngine", "BuisnessRuleEngine\BuisnessRuleEngine.csproj", "{1A3DEB93-A568-4376-9EA1-37149253B5E4}"
EndProject
Project("{FAE04EC0-301F-11D3-BF4B-00C04F79EFBC}") = "BuisnessRuleEngine.Tests", "BuisnessRuleEngine.Tests\BuisnessRuleEngine.Tests.csproj", "{89AC0592-C179-4DAC-95E0-4C55FF6CDE80}"
EndProject
Project("{FAE04EC0-301F-11D3-BF4B-00C04F79EFBC}") = "BuisnessRuleEngine.Extensions", "BuisnessRuleEngine.Extensions\BuisnessRuleEngine.Extensions.csproj", "{F2DC6D20-0ED8-4C47-82F5-832356E533D2}"
EndProject
Global
	GlobalSection(SolutionConfigurationPlatforms) = preSolution
		Debug|Any CPU = Debug|Any CPU
		Release|Any CPU = Release|Any CPU
	EndGlobalSection
	GlobalSection(ProjectConfigurationPlatforms) = postSolution
		{1A3DEB93-A568-4376-9EA1-37149253B5E4}.Debug|Any CPU.ActiveCfg = Debug|Any CPU
		{1A3DEB93-A568-4376-9EA1-37149253B5E4}.Debug|Any CPU.Build.0 = Debug|Any CPU
		{1A3DEB93-A568-4376-9EA1-37149253B5E4}.Release|Any CPU.ActiveCfg = Release|Any CPU
		{1A3DEB93-A568-4376-9EA1-37149253B5E4}.Release|Any CPU.Build.0 = Release|Any CPU
		{89AC0592-C179-4DAC-95E0-4C55FF6CDE80}.Debug|Any CPU.ActiveCfg = Debug|Any CPU
		{89AC0592-C179-4DAC-95E0-4C55FF6CDE80}.Debug|Any CPU.Build.0 = Debug|Any CPU
		{89AC0592-C179-4DAC-95E0-4C55FF6CDE80}.Release|Any CPU.ActiveCfg = Release|Any CPU
		{89AC0592-C179-4DAC-95E0-4C55FF6CDE80}.Release|Any CPU.Build.0 = Release|Any CPU
		{F2DC6D20-0ED8-4C47-82F5-832356E533D2}.Debug|Any CPU.ActiveCfg = Debug|Any CPU
		{F2DC6D20-0ED8-4C47-82F5-832356E533D2}.Debug|Any CPU.Build.0 = Debug|Any CPU
		{F2DC6D20-0ED8-4C47-82F5-832356E533D2}.Release|Any CPU.ActiveCfg = Release|Any CPU
		{F2DC6D20-0ED8-4C47-82F5-832356E533D2}.Release|Any CPU.Build.0 = Release|Any CPU
	EndGlobalSection
	GlobalSection(SolutionProperties) = preSolution
		HideSolutionNode = FALSE
	EndGlobalSection
	GlobalSection(ExtensibilityGlobals) = postSolution
		SolutionGuid = {47F731BF-FD51-4A97-84ED-461AC0620FA1}
	EndGlobalSection
EndGlobal
